version = 1
revision = 1
requires-python = ">=3.13"

[[package]]
name = "gurobipy"
version = "13.0.0"
source = { registry = "https://pypi.org/simple" }
wheels = [
    { url = "https://files.pythonhosted.org/packages/ee/2c/2d05d2cb9c9de8a3bbb5da21dfbfa608c13e9cff683ffb32a7a04cf5ced4/gurobipy-13.0.0-cp313-cp313-macosx_10_13_universal2.whl", hash = "sha256:f5a9d7b25aaff4a2317ff0edef1080a85ebfb50143956c0e324428a249970c11", size = 15943425 },
    { url = "https://files.pythonhosted.org/packages/63/db/0cb931ac18636ea48bd0bdae34168843b8739c4816ca3295713e0d2d802d/gurobipy-13.0.0-cp313-cp313-manylinux2014_x86_64.manylinux_2_17_x86_64.whl", hash = "sha256:ad200cc39680a7e126cf65e5a36197adb56cbca470fc2731705e38d4dfc8b13c", size = 14843598 },
    { url = "https://files.pythonhosted.org/packages/56/e0/e6416d22716a79e8c122a04884a7c7c15a6441bcd0171258d73211067f2c/gurobipy-13.0.0-cp313-cp313-manylinux_2_26_aarch64.whl", hash = "sha256:d31e6038afa6d0bca0545ba1ea119f3726965dc94d75fb81a69aaaecfbb71682", size = 87198134 },
    { url = "https://files.pythonhosted.org/packages/52/1b/93d44f5b8f9960cf74e312d905ed1cf02783466c222b542d78493285cd79/gurobipy-13.0.0-cp313-cp313-win_amd64.whl", hash = "sha256:8e36c58e2c1fa0c0d77d369cce2ad4d228caf863b15b151ef886aec1c5e8cd1b", size = 11211650 },
]

[[package]]
name = "pip"
version = "25.3"
source = { registry = "https://pypi.org/simple" }
sdist = { url = "https://files.pythonhosted.org/packages/fe/6e/74a3f0179a4a73a53d66ce57fdb4de0080a8baa1de0063de206d6167acc2/pip-25.3.tar.gz", hash = "sha256:8d0538dbbd7babbd207f261ed969c65de439f6bc9e5dbd3b3b9a77f25d95f343", size = 1803014 }
wheels = [
    { url = "https://files.pythonhosted.org/packages/44/3c/d717024885424591d5376220b5e836c2d5293ce2011523c9de23ff7bf068/pip-25.3-py3-none-any.whl", hash = "sha256:9655943313a94722b7774661c21049070f6bbb0a1516bf02f7c8d5d9201514cd", size = 1778622 },
]

[[package]]
name = "sdp-gurobi-explainability"
version = "0.1.0"
source = { virtual = "." }
dependencies = [
    { name = "gurobipy" },
    { name = "pip" },
]

[package.metadata]
requires-dist = [
    { name = "gurobipy", specifier = ">=13.0.0" },
    { name = "pip", specifier = ">=25.3" },
]
